
Microsoft Visual Studio Solution File, Format Version 12.00
# Visual Studio Version 16
VisualStudioVersion = 16.0.30204.135
MinimumVisualStudioVersion = 10.0.40219.1
Project("{9A19103F-16F7-4668-BE54-9A1E7A4F7556}") = "Febris.UserNode.DataAccessLayer", "Febris.UserNode.DataAccessLayer.csproj", "{1DA80E80-11F8-4432-8BF5-EB59792360ED}"
EndProject
Global
	GlobalSection(SolutionConfigurationPlatforms) = preSolution
		Debug|Any CPU = Debug|Any CPU
		Release|Any CPU = Release|Any CPU
	EndGlobalSection
	GlobalSection(ProjectConfigurationPlatforms) = postSolution
		{1DA80E80-11F8-4432-8BF5-EB59792360ED}.Debug|Any CPU.ActiveCfg = Debug|Any CPU
		{1DA80E80-11F8-4432-8BF5-EB59792360ED}.Debug|Any CPU.Build.0 = Debug|Any CPU
		{1DA80E80-11F8-4432-8BF5-EB59792360ED}.Release|Any CPU.ActiveCfg = Release|Any CPU
		{1DA80E80-11F8-4432-8BF5-EB59792360ED}.Release|Any CPU.Build.0 = Release|Any CPU
	EndGlobalSection
	GlobalSection(SolutionProperties) = preSolution
		HideSolutionNode = FALSE
	EndGlobalSection
	GlobalSection(ExtensibilityGlobals) = postSolution
		VisualSVNWorkingCopyRoot = .
		SolutionGuid = {693A1D71-3C06-4AB6-9D0A-546426A414C1}
	EndGlobalSection
EndGlobal
